// !$*UTF8*$!
{
	archiveVersion = 1;
	classes = {
	};
	objectVersion = 50;
	objects = {

/* Begin PBXBuildFile section */
		8F42B2E322AC539600CE74C1 /* AppDelegate.swift in Sources */ = {isa = PBXBuildFile; fileRef = 8F42B2E222AC539600CE74C1 /* AppDelegate.swift */; };
		8F42B2E522AC539600CE74C1 /* MapViewController.swift in Sources */ = {isa = PBXBuildFile; fileRef = 8F42B2E422AC539600CE74C1 /* MapViewController.swift */; };
		8F42B2E822AC539600CE74C1 /* Main.storyboard in Resources */ = {isa = PBXBuildFile; fileRef = 8F42B2E622AC539600CE74C1 /* Main.storyboard */; };
		8F42B2EA22AC539700CE74C1 /* Assets.xcassets in Resources */ = {isa = PBXBuildFile; fileRef = 8F42B2E922AC539700CE74C1 /* Assets.xcassets */; };
		8F42B2ED22AC539700CE74C1 /* LaunchScreen.storyboard in Resources */ = {isa = PBXBuildFile; fileRef = 8F42B2EB22AC539700CE74C1 /* LaunchScreen.storyboard */; };
		8F475DB122CBDDF40006DCDF /* CreateMemeViewController.swift in Sources */ = {isa = PBXBuildFile; fileRef = 8F475DB022CBDDF40006DCDF /* CreateMemeViewController.swift */; };
		8FFFD1FF22B9546200EA40FC /* PhotoAlbumViewController.swift in Sources */ = {isa = PBXBuildFile; fileRef = 8FFFD1FE22B9546200EA40FC /* PhotoAlbumViewController.swift */; };
		8FFFD20122B954D100EA40FC /* CollectionViewCell.swift in Sources */ = {isa = PBXBuildFile; fileRef = 8FFFD20022B954D100EA40FC /* CollectionViewCell.swift */; };
		8FFFD20622B9560000EA40FC /* FlickrAPI.swift in Sources */ = {isa = PBXBuildFile; fileRef = 8FFFD20522B9560000EA40FC /* FlickrAPI.swift */; };
		8FFFD20A22BD307100EA40FC /* PhotoAlbumResponse.swift in Sources */ = {isa = PBXBuildFile; fileRef = 8FFFD20922BD307100EA40FC /* PhotoAlbumResponse.swift */; };
		8FFFD20C22BD311E00EA40FC /* PhotoAlbumArrayResponse.swift in Sources */ = {isa = PBXBuildFile; fileRef = 8FFFD20B22BD311E00EA40FC /* PhotoAlbumArrayResponse.swift */; };
		8FFFD20F22BD490C00EA40FC /* VirtualTourist.xcdatamodeld in Sources */ = {isa = PBXBuildFile; fileRef = 8FFFD20D22BD490C00EA40FC /* VirtualTourist.xcdatamodeld */; };
		8FFFD21122C2C27300EA40FC /* DataController.swift in Sources */ = {isa = PBXBuildFile; fileRef = 8FFFD21022C2C27300EA40FC /* DataController.swift */; };
/* End PBXBuildFile section */

/* Begin PBXFileReference section */
		8F42B2DF22AC539600CE74C1 /* VirtualTourist.app */ = {isa = PBXFileReference; explicitFileType = wrapper.application; includeInIndex = 0; path = VirtualTourist.app; sourceTree = BUILT_PRODUCTS_DIR; };
		8F42B2E222AC539600CE74C1 /* AppDelegate.swift */ = {isa = PBXFileReference; lastKnownFileType = sourcecode.swift; path = AppDelegate.swift; sourceTree = "<group>"; };
		8F42B2E422AC539600CE74C1 /* MapViewController.swift */ = {isa = PBXFileReference; lastKnownFileType = sourcecode.swift; path = MapViewController.swift; sourceTree = "<group>"; };
		8F42B2E722AC539600CE74C1 /* Base */ = {isa = PBXFileReference; lastKnownFileType = file.storyboard; name = Base; path = Base.lproj/Main.storyboard; sourceTree = "<group>"; };
		8F42B2E922AC539700CE74C1 /* Assets.xcassets */ = {isa = PBXFileReference; lastKnownFileType = folder.assetcatalog; path = Assets.xcassets; sourceTree = "<group>"; };
		8F42B2EC22AC539700CE74C1 /* Base */ = {isa = PBXFileReference; lastKnownFileType = file.storyboard; name = Base; path = Base.lproj/LaunchScreen.storyboard; sourceTree = "<group>"; };
		8F42B2EE22AC539700CE74C1 /* Info.plist */ = {isa = PBXFileReference; lastKnownFileType = text.plist.xml; path = Info.plist; sourceTree = "<group>"; };
		8F475DB022CBDDF40006DCDF /* CreateMemeViewController.swift */ = {isa = PBXFileReference; lastKnownFileType = sourcecode.swift; path = CreateMemeViewController.swift; sourceTree = "<group>"; };
		8FFFD1FE22B9546200EA40FC /* PhotoAlbumViewController.swift */ = {isa = PBXFileReference; lastKnownFileType = sourcecode.swift; path = PhotoAlbumViewController.swift; sourceTree = "<group>"; };
		8FFFD20022B954D100EA40FC /* CollectionViewCell.swift */ = {isa = PBXFileReference; lastKnownFileType = sourcecode.swift; path = CollectionViewCell.swift; sourceTree = "<group>"; };
		8FFFD20522B9560000EA40FC /* FlickrAPI.swift */ = {isa = PBXFileReference; lastKnownFileType = sourcecode.swift; path = FlickrAPI.swift; sourceTree = "<group>"; };
		8FFFD20922BD307100EA40FC /* PhotoAlbumResponse.swift */ = {isa = PBXFileReference; lastKnownFileType = sourcecode.swift; path = PhotoAlbumResponse.swift; sourceTree = "<group>"; };
		8FFFD20B22BD311E00EA40FC /* PhotoAlbumArrayResponse.swift */ = {isa = PBXFileReference; lastKnownFileType = sourcecode.swift; path = PhotoAlbumArrayResponse.swift; sourceTree = "<group>"; };
		8FFFD20E22BD490C00EA40FC /* VirtualTourist.xcdatamodel */ = {isa = PBXFileReference; lastKnownFileType = wrapper.xcdatamodel; path = VirtualTourist.xcdatamodel; sourceTree = "<group>"; };
		8FFFD21022C2C27300EA40FC /* DataController.swift */ = {isa = PBXFileReference; lastKnownFileType = sourcecode.swift; path = DataController.swift; sourceTree = "<group>"; };
/* End PBXFileReference section */

/* Begin PBXFrameworksBuildPhase section */
		8F42B2DC22AC539600CE74C1 /* Frameworks */ = {
			isa = PBXFrameworksBuildPhase;
			buildActionMask = 2147483647;
			files = (
			);
			runOnlyForDeploymentPostprocessing = 0;
		};
/* End PBXFrameworksBuildPhase section */

/* Begin PBXGroup section */
		8F42B2D622AC539600CE74C1 = {
			isa = PBXGroup;
			children = (
				8F42B2E122AC539600CE74C1 /* VirtualTourist */,
				8F42B2E022AC539600CE74C1 /* Products */,
			);
			sourceTree = "<group>";
		};
		8F42B2E022AC539600CE74C1 /* Products */ = {
			isa = PBXGroup;
			children = (
				8F42B2DF22AC539600CE74C1 /* VirtualTourist.app */,
			);
			name = Products;
			sourceTree = "<group>";
		};
		8F42B2E122AC539600CE74C1 /* VirtualTourist */ = {
			isa = PBXGroup;
			children = (
				8F42B2E222AC539600CE74C1 /* AppDelegate.swift */,
				8FFFD20222B955C000EA40FC /* Model */,
				8FFFD20422B955CC00EA40FC /* Controller */,
				8FFFD20322B955C700EA40FC /* View */,
				8F42B2E922AC539700CE74C1 /* Assets.xcassets */,
				8F42B2EE22AC539700CE74C1 /* Info.plist */,
			);
			path = VirtualTourist;
			sourceTree = "<group>";
		};
		8FFFD20222B955C000EA40FC /* Model */ = {
			isa = PBXGroup;
			children = (
				8FFFD20522B9560000EA40FC /* FlickrAPI.swift */,
				8FFFD20922BD307100EA40FC /* PhotoAlbumResponse.swift */,
				8FFFD20B22BD311E00EA40FC /* PhotoAlbumArrayResponse.swift */,
				8FFFD21022C2C27300EA40FC /* DataController.swift */,
				8FFFD20D22BD490C00EA40FC /* VirtualTourist.xcdatamodeld */,
			);
			path = Model;
			sourceTree = "<group>";
		};
		8FFFD20322B955C700EA40FC /* View */ = {
			isa = PBXGroup;
			children = (
				8FFFD20022B954D100EA40FC /* CollectionViewCell.swift */,
				8F42B2E622AC539600CE74C1 /* Main.storyboard */,
				8F42B2EB22AC539700CE74C1 /* LaunchScreen.storyboard */,
			);
			path = View;
			sourceTree = "<group>";
		};
		8FFFD20422B955CC00EA40FC /* Controller */ = {
			isa = PBXGroup;
			children = (
				8F42B2E422AC539600CE74C1 /* MapViewController.swift */,
				8FFFD1FE22B9546200EA40FC /* PhotoAlbumViewController.swift */,
				8F475DB022CBDDF40006DCDF /* CreateMemeViewController.swift */,
			);
			path = Controller;
			sourceTree = "<group>";
		};
/* End PBXGroup section */

/* Begin PBXNativeTarget section */
		8F42B2DE22AC539600CE74C1 /* VirtualTourist */ = {
			isa = PBXNativeTarget;
			buildConfigurationList = 8F42B2F122AC539700CE74C1 /* Build configuration list for PBXNativeTarget "VirtualTourist" */;
			buildPhases = (
				8F42B2DB22AC539600CE74C1 /* Sources */,
				8F42B2DC22AC539600CE74C1 /* Frameworks */,
				8F42B2DD22AC539600CE74C1 /* Resources */,
			);
			buildRules = (
			);
			dependencies = (
			);
			name = VirtualTourist;
			productName = VirtualTourist;
			productReference = 8F42B2DF22AC539600CE74C1 /* VirtualTourist.app */;
			productType = "com.apple.product-type.application";
		};
/* End PBXNativeTarget section */

/* Begin PBXProject section */
		8F42B2D722AC539600CE74C1 /* Project object */ = {
			isa = PBXProject;
			attributes = {
				LastSwiftUpdateCheck = 1020;
				LastUpgradeCheck = 1020;
				ORGANIZATIONNAME = Aziz;
				TargetAttributes = {
					8F42B2DE22AC539600CE74C1 = {
						CreatedOnToolsVersion = 10.2.1;
					};
				};
			};
			buildConfigurationList = 8F42B2DA22AC539600CE74C1 /* Build configuration list for PBXProject "VirtualTourist" */;
			compatibilityVersion = "Xcode 9.3";
			developmentRegion = en;
			hasScannedForEncodings = 0;
			knownRegions = (
				en,
				Base,
			);
			mainGroup = 8F42B2D622AC539600CE74C1;
			productRefGroup = 8F42B2E022AC539600CE74C1 /* Products */;
			projectDirPath = "";
			projectRoot = "";
			targets = (
				8F42B2DE22AC539600CE74C1 /* VirtualTourist */,
			);
		};
/* End PBXProject section */

/* Begin PBXResourcesBuildPhase section */
		8F42B2DD22AC539600CE74C1 /* Resources */ = {
			isa = PBXResourcesBuildPhase;
			buildActionMask = 2147483647;
			files = (
				8F42B2ED22AC539700CE74C1 /* LaunchScreen.storyboard in Resources */,
				8F42B2EA22AC539700CE74C1 /* Assets.xcassets in Resources */,
				8F42B2E822AC539600CE74C1 /* Main.storyboard in Resources */,
			);
			runOnlyForDeploymentPostprocessing = 0;
		};
/* End PBXResourcesBuildPhase section */

/* Begin PBXSourcesBuildPhase section */
		8F42B2DB22AC539600CE74C1 /* Sources */ = {
			isa = PBXSourcesBuildPhase;
			buildActionMask = 2147483647;
			files = (
				8F42B2E522AC539600CE74C1 /* MapViewController.swift in Sources */,
				8F42B2E322AC539600CE74C1 /* AppDelegate.swift in Sources */,
				8FFFD20122B954D100EA40FC /* CollectionViewCell.swift in Sources */,
				8FFFD1FF22B9546200EA40FC /* PhotoAlbumViewController.swift in Sources */,
				8FFFD21122C2C27300EA40FC /* DataController.swift in Sources */,
				8FFFD20F22BD490C00EA40FC /* VirtualTourist.xcdatamodeld in Sources */,
				8FFFD20622B9560000EA40FC /* FlickrAPI.swift in Sources */,
				8FFFD20A22BD307100EA40FC /* PhotoAlbumResponse.swift in Sources */,
				8F475DB122CBDDF40006DCDF /* CreateMemeViewController.swift in Sources */,
				8FFFD20C22BD311E00EA40FC /* PhotoAlbumArrayResponse.swift in Sources */,
			);
			runOnlyForDeploymentPostprocessing = 0;
		};
/* End PBXSourcesBuildPhase section */

/* Begin PBXVariantGroup section */
		8F42B2E622AC539600CE74C1 /* Main.storyboard */ = {
			isa = PBXVariantGroup;
			children = (
				8F42B2E722AC539600CE74C1 /* Base */,
			);
			name = Main.storyboard;
			sourceTree = "<group>";
		};
		8F42B2EB22AC539700CE74C1 /* LaunchScreen.storyboard */ = {
			isa = PBXVariantGroup;
			children = (
				8F42B2EC22AC539700CE74C1 /* Base */,
			);
			name = LaunchScreen.storyboard;
			sourceTree = "<group>";
		};
/* End PBXVariantGroup section */

/* Begin XCBuildConfiguration section */
		8F42B2EF22AC539700CE74C1 /* Debug */ = {
			isa = XCBuildConfiguration;
			buildSettings = {
				ALWAYS_SEARCH_USER_PATHS = NO;
				CLANG_ANALYZER_NONNULL = YES;
				CLANG_ANALYZER_NUMBER_OBJECT_CONVERSION = YES_AGGRESSIVE;
				CLANG_CXX_LANGUAGE_STANDARD = "gnu++14";
				CLANG_CXX_LIBRARY = "libc++";
				CLANG_ENABLE_MODULES = YES;
				CLANG_ENABLE_OBJC_ARC = YES;
				CLANG_ENABLE_OBJC_WEAK = YES;
				CLANG_WARN_BLOCK_CAPTURE_AUTORELEASING = YES;
				CLANG_WARN_BOOL_CONVERSION = YES;
				CLANG_WARN_COMMA = YES;
				CLANG_WARN_CONSTANT_CONVERSION = YES;
				CLANG_WARN_DEPRECATED_OBJC_IMPLEMENTATIONS = YES;
				CLANG_WARN_DIRECT_OBJC_ISA_USAGE = YES_ERROR;
				CLANG_WARN_DOCUMENTATION_COMMENTS = YES;
				CLANG_WARN_EMPTY_BODY = YES;
				CLANG_WARN_ENUM_CONVERSION = YES;
				CLANG_WARN_INFINITE_RECURSION = YES;
				CLANG_WARN_INT_CONVERSION = YES;
				CLANG_WARN_NON_LITERAL_NULL_CONVERSION = YES;
				CLANG_WARN_OBJC_IMPLICIT_RETAIN_SELF = YES;
				CLANG_WARN_OBJC_LITERAL_CONVERSION = YES;
				CLANG_WARN_OBJC_ROOT_CLASS = YES_ERROR;
				CLANG_WARN_RANGE_LOOP_ANALYSIS = YES;
				CLANG_WARN_STRICT_PROTOTYPES = YES;
				CLANG_WARN_SUSPICIOUS_MOVE = YES;
				CLANG_WARN_UNGUARDED_AVAILABILITY = YES_AGGRESSIVE;
				CLANG_WARN_UNREACHABLE_CODE = YES;
				CLANG_WARN__DUPLICATE_METHOD_MATCH = YES;
				CODE_SIGN_IDENTITY = "iPhone Developer";
				COPY_PHASE_STRIP = NO;
				DEBUG_INFORMATION_FORMAT = dwarf;
				ENABLE_STRICT_OBJC_MSGSEND = YES;
				ENABLE_TESTABILITY = YES;
				GCC_C_LANGUAGE_STANDARD = gnu11;
				GCC_DYNAMIC_NO_PIC = NO;
				GCC_NO_COMMON_BLOCKS = YES;
				GCC_OPTIMIZATION_LEVEL = 0;
				GCC_PREPROCESSOR_DEFINITIONS = (
					"DEBUG=1",
					"$(inherited)",
				);
				GCC_WARN_64_TO_32_BIT_CONVERSION = YES;
				GCC_WARN_ABOUT_RETURN_TYPE = YES_ERROR;
				GCC_WARN_UNDECLARED_SELECTOR = YES;
				GCC_WARN_UNINITIALIZED_AUTOS = YES_AGGRESSIVE;
				GCC_WARN_UNUSED_FUNCTION = YES;
				GCC_WARN_UNUSED_VARIABLE = YES;
				IPHONEOS_DEPLOYMENT_TARGET = 12.2;
				MTL_ENABLE_DEBUG_INFO = INCLUDE_SOURCE;
				MTL_FAST_MATH = YES;
				ONLY_ACTIVE_ARCH = YES;
				SDKROOT = iphoneos;
				SWIFT_ACTIVE_COMPILATION_CONDITIONS = DEBUG;
				SWIFT_OPTIMIZATION_LEVEL = "-Onone";
			};
			name = Debug;
		};
		8F42B2F022AC539700CE74C1 /* Release */ = {
			isa = XCBuildConfiguration;
			buildSettings = {
				ALWAYS_SEARCH_USER_PATHS = NO;
				CLANG_ANALYZER_NONNULL = YES;
				CLANG_ANALYZER_NUMBER_OBJECT_CONVERSION = YES_AGGRESSIVE;
				CLANG_CXX_LANGUAGE_STANDARD = "gnu++14";
				CLANG_CXX_LIBRARY = "libc++";
				CLANG_ENABLE_MODULES = YES;
				CLANG_ENABLE_OBJC_ARC = YES;
				CLANG_ENABLE_OBJC_WEAK = YES;
				CLANG_WARN_BLOCK_CAPTURE_AUTORELEASING = YES;
				CLANG_WARN_BOOL_CONVERSION = YES;
				CLANG_WARN_COMMA = YES;
				CLANG_WARN_CONSTANT_CONVERSION = YES;
				CLANG_WARN_DEPRECATED_OBJC_IMPLEMENTATIONS = YES;
				CLANG_WARN_DIRECT_OBJC_ISA_USAGE = YES_ERROR;
				CLANG_WARN_DOCUMENTATION_COMMENTS = YES;
				CLANG_WARN_EMPTY_BODY = YES;
				CLANG_WARN_ENUM_CONVERSION = YES;
				CLANG_WARN_INFINITE_RECURSION = YES;
				CLANG_WARN_INT_CONVERSION = YES;
				CLANG_WARN_NON_LITERAL_NULL_CONVERSION = YES;
				CLANG_WARN_OBJC_IMPLICIT_RETAIN_SELF = YES;
				CLANG_WARN_OBJC_LITERAL_CONVERSION = YES;
				CLANG_WARN_OBJC_ROOT_CLASS = YES_ERROR;
				CLANG_WARN_RANGE_LOOP_ANALYSIS = YES;
				CLANG_WARN_STRICT_PROTOTYPES = YES;
				CLANG_WARN_SUSPICIOUS_MOVE = YES;
				CLANG_WARN_UNGUARDED_AVAILABILITY = YES_AGGRESSIVE;
				CLANG_WARN_UNREACHABLE_CODE = YES;
				CLANG_WARN__DUPLICATE_METHOD_MATCH = YES;
				CODE_SIGN_IDENTITY = "iPhone Developer";
				COPY_PHASE_STRIP = NO;
				DEBUG_INFORMATION_FORMAT = "dwarf-with-dsym";
				ENABLE_NS_ASSERTIONS = NO;
				ENABLE_STRICT_OBJC_MSGSEND = YES;
				GCC_C_LANGUAGE_STANDARD = gnu11;
				GCC_NO_COMMON_BLOCKS = YES;
				GCC_WARN_64_TO_32_BIT_CONVERSION = YES;
				GCC_WARN_ABOUT_RETURN_TYPE = YES_ERROR;
				GCC_WARN_UNDECLARED_SELECTOR = YES;
				GCC_WARN_UNINITIALIZED_AUTOS = YES_AGGRESSIVE;
				GCC_WARN_UNUSED_FUNCTION = YES;
				GCC_WARN_UNUSED_VARIABLE = YES;
				IPHONEOS_DEPLOYMENT_TARGET = 12.2;
				MTL_ENABLE_DEBUG_INFO = NO;
				MTL_FAST_MATH = YES;
				SDKROOT = iphoneos;
				SWIFT_COMPILATION_MODE = wholemodule;
				SWIFT_OPTIMIZATION_LEVEL = "-O";
				VALIDATE_PRODUCT = YES;
			};
			name = Release;
		};
		8F42B2F222AC539700CE74C1 /* Debug */ = {
			isa = XCBuildConfiguration;
			buildSettings = {
				ASSETCATALOG_COMPILER_APPICON_NAME = AppIcon;
				CODE_SIGN_STYLE = Automatic;
				DEVELOPMENT_TEAM = VTGNJM3XHC;
				INFOPLIST_FILE = VirtualTourist/Info.plist;
				LD_RUNPATH_SEARCH_PATHS = (
					"$(inherited)",
					"@executable_path/Frameworks",
				);
				PRODUCT_BUNDLE_IDENTIFIER = com.UAziz.VirtualTourist;
				PRODUCT_NAME = "$(TARGET_NAME)";
				SWIFT_VERSION = 5.0;
				TARGETED_DEVICE_FAMILY = "1,2";
			};
			name = Debug;
		};
		8F42B2F322AC539700CE74C1 /* Release */ = {
			isa = XCBuildConfiguration;
			buildSettings = {
				ASSETCATALOG_COMPILER_APPICON_NAME = AppIcon;
				CODE_SIGN_STYLE = Automatic;
				DEVELOPMENT_TEAM = VTGNJM3XHC;
				INFOPLIST_FILE = VirtualTourist/Info.plist;
				LD_RUNPATH_SEARCH_PATHS = (
					"$(inherited)",
					"@executable_path/Frameworks",
				);
				PRODUCT_BUNDLE_IDENTIFIER = com.UAziz.VirtualTourist;
				PRODUCT_NAME = "$(TARGET_NAME)";
				SWIFT_VERSION = 5.0;
				TARGETED_DEVICE_FAMILY = "1,2";
			};
			name = Release;
		};
/* End XCBuildConfiguration section */

/* Begin XCConfigurationList section */
		8F42B2DA22AC539600CE74C1 /* Build configuration list for PBXProject "VirtualTourist" */ = {
			isa = XCConfigurationList;
			buildConfigurations = (
				8F42B2EF22AC539700CE74C1 /* Debug */,
				8F42B2F022AC539700CE74C1 /* Release */,
			);
			defaultConfigurationIsVisible = 0;
			defaultConfigurationName = Release;
		};
		8F42B2F122AC539700CE74C1 /* Build configuration list for PBXNativeTarget "VirtualTourist" */ = {
			isa = XCConfigurationList;
			buildConfigurations = (
				8F42B2F222AC539700CE74C1 /* Debug */,
				8F42B2F322AC539700CE74C1 /* Release */,
			);
			defaultConfigurationIsVisible = 0;
			defaultConfigurationName = Release;
		};
/* End XCConfigurationList section */

/* Begin XCVersionGroup section */
		8FFFD20D22BD490C00EA40FC /* VirtualTourist.xcdatamodeld */ = {
			isa = XCVersionGroup;
			children = (
				8FFFD20E22BD490C00EA40FC /* VirtualTourist.xcdatamodel */,
			);
			currentVersion = 8FFFD20E22BD490C00EA40FC /* VirtualTourist.xcdatamodel */;
			path = VirtualTourist.xcdatamodeld;
			sourceTree = "<group>";
			versionGroupType = wrapper.xcdatamodel;
		};
/* End XCVersionGroup section */
	};
	rootObject = 8F42B2D722AC539600CE74C1 /* Project object */;
}
